
Microsoft Visual Studio Solution File, Format Version 12.00
# Visual Studio Version 17
VisualStudioVersion = 17.8.34511.84
MinimumVisualStudioVersion = 10.0.40219.1
Project("{9A19103F-16F7-4668-BE54-9A1E7A4F7556}") = "Gerar-Horario", "Gerar-Horario.csproj", "{774E80C4-C7BF-4E08-8A1C-68FD99EF26BE}"
EndProject
Project("{9A19103F-16F7-4668-BE54-9A1E7A4F7556}") = "Gerar-Horario-Test", "..\Gerar-Horario-Test\Gerar-Horario-Test.csproj", "{E298B0CA-14AE-42AA-93D1-22B3406A95E9}"
EndProject
Project("{9A19103F-16F7-4668-BE54-9A1E7A4F7556}") = "GerarHorarioService", "..\GerarHorarioService\GerarHorarioService.csproj", "{1ED7DCCE-BB80-460B-8DA5-C31C3C087692}"
EndProject
Project("{9A19103F-16F7-4668-BE54-9A1E7A4F7556}") = "API", "..\api-sisgha\API.csproj", "{4A7CC9D6-8592-47DA-AB43-44A0F99C53C7}"
EndProject
Global
	GlobalSection(SolutionConfigurationPlatforms) = preSolution
		Debug|Any CPU = Debug|Any CPU
		Release|Any CPU = Release|Any CPU
	EndGlobalSection
	GlobalSection(ProjectConfigurationPlatforms) = postSolution
		{774E80C4-C7BF-4E08-8A1C-68FD99EF26BE}.Debug|Any CPU.ActiveCfg = Debug|Any CPU
		{774E80C4-C7BF-4E08-8A1C-68FD99EF26BE}.Debug|Any CPU.Build.0 = Debug|Any CPU
		{774E80C4-C7BF-4E08-8A1C-68FD99EF26BE}.Release|Any CPU.ActiveCfg = Release|Any CPU
		{774E80C4-C7BF-4E08-8A1C-68FD99EF26BE}.Release|Any CPU.Build.0 = Release|Any CPU
		{E298B0CA-14AE-42AA-93D1-22B3406A95E9}.Debug|Any CPU.ActiveCfg = Debug|Any CPU
		{E298B0CA-14AE-42AA-93D1-22B3406A95E9}.Debug|Any CPU.Build.0 = Debug|Any CPU
		{E298B0CA-14AE-42AA-93D1-22B3406A95E9}.Release|Any CPU.ActiveCfg = Release|Any CPU
		{E298B0CA-14AE-42AA-93D1-22B3406A95E9}.Release|Any CPU.Build.0 = Release|Any CPU
		{1ED7DCCE-BB80-460B-8DA5-C31C3C087692}.Debug|Any CPU.ActiveCfg = Debug|Any CPU
		{1ED7DCCE-BB80-460B-8DA5-C31C3C087692}.Debug|Any CPU.Build.0 = Debug|Any CPU
		{1ED7DCCE-BB80-460B-8DA5-C31C3C087692}.Release|Any CPU.ActiveCfg = Release|Any CPU
		{1ED7DCCE-BB80-460B-8DA5-C31C3C087692}.Release|Any CPU.Build.0 = Release|Any CPU
		{4A7CC9D6-8592-47DA-AB43-44A0F99C53C7}.Debug|Any CPU.ActiveCfg = Debug|Any CPU
		{4A7CC9D6-8592-47DA-AB43-44A0F99C53C7}.Debug|Any CPU.Build.0 = Debug|Any CPU
		{4A7CC9D6-8592-47DA-AB43-44A0F99C53C7}.Release|Any CPU.ActiveCfg = Release|Any CPU
		{4A7CC9D6-8592-47DA-AB43-44A0F99C53C7}.Release|Any CPU.Build.0 = Release|Any CPU
	EndGlobalSection
	GlobalSection(SolutionProperties) = preSolution
		HideSolutionNode = FALSE
	EndGlobalSection
	GlobalSection(ExtensibilityGlobals) = postSolution
		SolutionGuid = {3E3B5849-2418-425E-B1B8-2D60AA5BAFF3}
	EndGlobalSection
EndGlobal
